
Microsoft Visual Studio Solution File, Format Version 12.00
# Visual Studio Version 17
VisualStudioVersion = 17.2.32516.85
MinimumVisualStudioVersion = 10.0.40219.1
Project("{FAE04EC0-301F-11D3-BF4B-00C04F79EFBC}") = "Employeewageproblem", "Employeewageproblem\Employeewageproblem.csproj", "{081A1F34-A7EA-4FB9-9D05-1A3AFD988CEE}"
EndProject
Global
	GlobalSection(SolutionConfigurationPlatforms) = preSolution
		Debug|Any CPU = Debug|Any CPU
		Release|Any CPU = Release|Any CPU
	EndGlobalSection
	GlobalSection(ProjectConfigurationPlatforms) = postSolution
		{081A1F34-A7EA-4FB9-9D05-1A3AFD988CEE}.Debug|Any CPU.ActiveCfg = Debug|Any CPU
		{081A1F34-A7EA-4FB9-9D05-1A3AFD988CEE}.Debug|Any CPU.Build.0 = Debug|Any CPU
		{081A1F34-A7EA-4FB9-9D05-1A3AFD988CEE}.Release|Any CPU.ActiveCfg = Release|Any CPU
		{081A1F34-A7EA-4FB9-9D05-1A3AFD988CEE}.Release|Any CPU.Build.0 = Release|Any CPU
	EndGlobalSection
	GlobalSection(SolutionProperties) = preSolution
		HideSolutionNode = FALSE
	EndGlobalSection
	GlobalSection(ExtensibilityGlobals) = postSolution
		SolutionGuid = {95FFC6EF-B036-4BB9-883C-FBC862617FAD}
	EndGlobalSection
EndGlobal
